# THIS IS AN AUTOGENERATED FILE. DO NOT EDIT THIS FILE DIRECTLY.
# yarn lockfile v1


export-dir@^0.1.2:
  version "0.1.2"
  resolved "https://registry.yarnpkg.com/export-dir/-/export-dir-0.1.2.tgz#f3034253d7e717d0b02af43fb3762d57b5f0aef8"

lodash@^4.17.4:
  version "4.17.4"
  resolved "https://registry.yarnpkg.com/lodash/-/lodash-4.17.4.tgz#78203a4d1c328ae1d86dca6460e369b57f4055ae"
